
Microsoft Visual Studio Solution File, Format Version 12.00
# Visual Studio Version 17
VisualStudioVersion = 17.5.33627.172
MinimumVisualStudioVersion = 10.0.40219.1
Project("{FAE04EC0-301F-11D3-BF4B-00C04F79EFBC}") = "FKZ Injecot", "FKZ Injecot\FKZ Injecot.csproj", "{15CCDC67-62DE-4899-BE3C-644010355E32}"
EndProject
Global
	GlobalSection(SolutionConfigurationPlatforms) = preSolution
		Debug|Any CPU = Debug|Any CPU
		Release|Any CPU = Release|Any CPU
	EndGlobalSection
	GlobalSection(ProjectConfigurationPlatforms) = postSolution
		{15CCDC67-62DE-4899-BE3C-644010355E32}.Debug|Any CPU.ActiveCfg = Debug|Any CPU
		{15CCDC67-62DE-4899-BE3C-644010355E32}.Debug|Any CPU.Build.0 = Debug|Any CPU
		{15CCDC67-62DE-4899-BE3C-644010355E32}.Release|Any CPU.ActiveCfg = Release|Any CPU
		{15CCDC67-62DE-4899-BE3C-644010355E32}.Release|Any CPU.Build.0 = Release|Any CPU
	EndGlobalSection
	GlobalSection(SolutionProperties) = preSolution
		HideSolutionNode = FALSE
	EndGlobalSection
	GlobalSection(ExtensibilityGlobals) = postSolution
		SolutionGuid = {DBB9CA55-006E-4F53-AC1D-47AA6A8A5D65}
	EndGlobalSection
EndGlobal
